
Microsoft Visual Studio Solution File, Format Version 12.00
# Visual Studio Version 17
VisualStudioVersion = 17.11.35219.272
MinimumVisualStudioVersion = 10.0.40219.1
Project("{FAE04EC0-301F-11D3-BF4B-00C04F79EFBC}") = "MauiApp1", "MauiApp1.csproj", "{1FBB4EB5-BFC7-4CBF-8062-78908F230CE1}"
EndProject
Global
	GlobalSection(SolutionConfigurationPlatforms) = preSolution
		Debug|Any CPU = Debug|Any CPU
		Release|Any CPU = Release|Any CPU
	EndGlobalSection
	GlobalSection(ProjectConfigurationPlatforms) = postSolution
		{1FBB4EB5-BFC7-4CBF-8062-78908F230CE1}.Debug|Any CPU.ActiveCfg = Debug|Any CPU
		{1FBB4EB5-BFC7-4CBF-8062-78908F230CE1}.Debug|Any CPU.Build.0 = Debug|Any CPU
		{1FBB4EB5-BFC7-4CBF-8062-78908F230CE1}.Debug|Any CPU.Deploy.0 = Debug|Any CPU
		{1FBB4EB5-BFC7-4CBF-8062-78908F230CE1}.Release|Any CPU.ActiveCfg = Release|Any CPU
		{1FBB4EB5-BFC7-4CBF-8062-78908F230CE1}.Release|Any CPU.Build.0 = Release|Any CPU
		{1FBB4EB5-BFC7-4CBF-8062-78908F230CE1}.Release|Any CPU.Deploy.0 = Release|Any CPU
	EndGlobalSection
	GlobalSection(SolutionProperties) = preSolution
		HideSolutionNode = FALSE
	EndGlobalSection
	GlobalSection(ExtensibilityGlobals) = postSolution
		SolutionGuid = {5623F918-C104-4D3E-9261-B0194FA58451}
	EndGlobalSection
EndGlobal
